
Microsoft Visual Studio Solution File, Format Version 12.00
# Visual Studio Version 17
VisualStudioVersion = 17.9.34723.18
MinimumVisualStudioVersion = 10.0.40219.1
Project("{FAE04EC0-301F-11D3-BF4B-00C04F79EFBC}") = "DHMI", "DHMI\DHMI.csproj", "{629ED397-0B50-431E-B5A0-F03A5E212B73}"
EndProject
Project("{FAE04EC0-301F-11D3-BF4B-00C04F79EFBC}") = "CommonSnappableTypes", "CommonSnappableTypes\CommonSnappableTypes.csproj", "{2C5ABF19-FD7D-4B1F-9BB1-6B5224518FCF}"
EndProject
Project("{FAE04EC0-301F-11D3-BF4B-00C04F79EFBC}") = "ShapeRuntime", "ShapeRuntime\ShapeRuntime.csproj", "{362AD0A6-A3E8-4203-8DF3-24B015D58BE6}"
EndProject
Project("{FAE04EC0-301F-11D3-BF4B-00C04F79EFBC}") = "DHMIRUN", "DHMIRUN\DHMIRUN.csproj", "{CF872EC7-0862-4614-9DBB-803E4FBD6DC8}"
EndProject
Project("{FAE04EC0-301F-11D3-BF4B-00C04F79EFBC}") = "HMIWeb", "HMIWeb\HMIWeb.csproj", "{AB1D1A04-10FE-44AC-B439-6202E816A36C}"
EndProject
Project("{2150E333-8FDC-42A3-9474-1A3956D46DE8}") = "Controls", "Controls", "{72D22C5B-3559-47DB-947E-50F0EF5697C3}"
EndProject
Project("{FAE04EC0-301F-11D3-BF4B-00C04F79EFBC}") = "ICSharpCode.TextEditor", "ICSharpCode.TextEditor\ICSharpCode.TextEditor.csproj", "{52B62662-3A68-46EF-9173-308CC4CB3648}"
EndProject
Project("{FAE04EC0-301F-11D3-BF4B-00C04F79EFBC}") = "Beng_1", "Controls\Beng_1\Beng_1.csproj", "{B715D321-05FC-4ACA-9935-FF2314629E35}"
EndProject
Project("{FAE04EC0-301F-11D3-BF4B-00C04F79EFBC}") = "Button_1", "Controls\Button_1\Button_1.csproj", "{C2515934-0EC0-42F5-A700-340C562F6167}"
EndProject
Project("{FAE04EC0-301F-11D3-BF4B-00C04F79EFBC}") = "DataGrid", "Controls\DataGrid\DataGrid.csproj", "{DFE75267-567E-41FE-AFEB-38BB1794326C}"
EndProject
Project("{FAE04EC0-301F-11D3-BF4B-00C04F79EFBC}") = "DCCE_Button", "Controls\DCCE_Button\DCCE_Button.csproj", "{8D6DC844-C047-47DC-AD60-8B5DC8B8661B}"
EndProject
Project("{FAE04EC0-301F-11D3-BF4B-00C04F79EFBC}") = "DJ_1", "Controls\DJ_1\DJ_1.csproj", "{9A5FD75B-2599-44F0-BC51-B0293A9B62F2}"
EndProject
Project("{FAE04EC0-301F-11D3-BF4B-00C04F79EFBC}") = "FM_1", "Controls\FM_1\FM_1.csproj", "{24ABE6F1-C867-43A6-A68D-E11C2035AD0D}"
EndProject
Project("{FAE04EC0-301F-11D3-BF4B-00C04F79EFBC}") = "Guan", "Controls\Guan\Guan.csproj", "{7BCCAB5C-7B83-415A-868E-EE8249DEFE2C}"
EndProject
Project("{FAE04EC0-301F-11D3-BF4B-00C04F79EFBC}") = "KG_1", "Controls\KG_1\KG_1.csproj", "{4753B50C-9CF9-4864-8C06-7307C5A037EF}"
EndProject
Project("{FAE04EC0-301F-11D3-BF4B-00C04F79EFBC}") = "Pipe", "Controls\Pipe\Pipe.csproj", "{3069F157-D4F0-472D-B813-494322D02CA0}"
EndProject
Project("{FAE04EC0-301F-11D3-BF4B-00C04F79EFBC}") = "Light_1", "Controls\Light_1\Light_1.csproj", "{F0B14BB6-B7A8-457D-B7AF-02A6E7BF191D}"
EndProject
Project("{FAE04EC0-301F-11D3-BF4B-00C04F79EFBC}") = "Timer_1", "Controls\Timer_1\Timer_1.csproj", "{D20C0414-4E02-4DC9-B2B5-A08672D1638F}"
EndProject
Project("{FAE04EC0-301F-11D3-BF4B-00C04F79EFBC}") = "SetsForms", "Controls\SetsForms\SetsForms.csproj", "{6DD7DDE1-3205-4EA8-AB98-33A2D77CA81E}"
EndProject
Project("{FAE04EC0-301F-11D3-BF4B-00C04F79EFBC}") = "SetForms2", "Controls\SetsForms2\SetForms2.csproj", "{194CA7C8-490E-483F-B5B1-95BD95DADA94}"
EndProject
Project("{FAE04EC0-301F-11D3-BF4B-00C04F79EFBC}") = "HMICompile", "HMICompile\HMICompile.csproj", "{52740C6E-A79D-4A0F-A07F-ECF46209BD6F}"
EndProject
Project("{FAE04EC0-301F-11D3-BF4B-00C04F79EFBC}") = "DynamicAlarm", "Controls\DynamicAlarm\DynamicAlarm.csproj", "{5450D637-9A2E-4C1A-96A6-67198918B8E7}"
EndProject
Project("{FAE04EC0-301F-11D3-BF4B-00C04F79EFBC}") = "Interop.ACTIVEXFINDERLib", "Interop.ACTIVEXFINDERLib\Interop.ACTIVEXFINDERLib.csproj", "{1947FE26-287D-4699-A7AB-41B2AF810B76}"
EndProject
Project("{FAE04EC0-301F-11D3-BF4B-00C04F79EFBC}") = "YiBiao", "Controls\YiBiao\YiBiao.csproj", "{3976769D-1D50-42D1-8D75-B806721C6925}"
EndProject
Project("{FAE04EC0-301F-11D3-BF4B-00C04F79EFBC}") = "YouBiao", "Controls\YouBiao\YouBiao.csproj", "{DA202C26-D321-46EA-9B58-B00E7FCE27E4}"
EndProject
Project("{FAE04EC0-301F-11D3-BF4B-00C04F79EFBC}") = "Interop.MSScriptControl", "Interop.MSScriptControl\Interop.MSScriptControl.csproj", "{0FEECF4D-B9DA-4A9D-AEAF-1668E5FB0BEB}"
EndProject
Project("{FAE04EC0-301F-11D3-BF4B-00C04F79EFBC}") = "LogHelper", "LogHelper\LogHelper.csproj", "{7B2570CC-766E-45D0-97F7-8E9483B35884}"
EndProject
Project("{FAE04EC0-301F-11D3-BF4B-00C04F79EFBC}") = "XYControl", "Controls\XYControl\XYControl.csproj", "{769F98CF-75A7-42C7-85CE-5B4607BF20D5}"
EndProject
Global
	GlobalSection(SolutionConfigurationPlatforms) = preSolution
		Debug|Any CPU = Debug|Any CPU
		Debug|x86 = Debug|x86
		Release|Any CPU = Release|Any CPU
		Release|x86 = Release|x86
	EndGlobalSection
	GlobalSection(ProjectConfigurationPlatforms) = postSolution
		{629ED397-0B50-431E-B5A0-F03A5E212B73}.Debug|Any CPU.ActiveCfg = Debug|Any CPU
		{629ED397-0B50-431E-B5A0-F03A5E212B73}.Debug|Any CPU.Build.0 = Debug|Any CPU
		{629ED397-0B50-431E-B5A0-F03A5E212B73}.Debug|x86.ActiveCfg = Debug|x86
		{629ED397-0B50-431E-B5A0-F03A5E212B73}.Debug|x86.Build.0 = Debug|x86
		{629ED397-0B50-431E-B5A0-F03A5E212B73}.Release|Any CPU.ActiveCfg = Release|Any CPU
		{629ED397-0B50-431E-B5A0-F03A5E212B73}.Release|Any CPU.Build.0 = Release|Any CPU
		{629ED397-0B50-431E-B5A0-F03A5E212B73}.Release|x86.ActiveCfg = Release|x86
		{629ED397-0B50-431E-B5A0-F03A5E212B73}.Release|x86.Build.0 = Release|x86
		{2C5ABF19-FD7D-4B1F-9BB1-6B5224518FCF}.Debug|Any CPU.ActiveCfg = Debug|x86
		{2C5ABF19-FD7D-4B1F-9BB1-6B5224518FCF}.Debug|Any CPU.Build.0 = Debug|x86
		{2C5ABF19-FD7D-4B1F-9BB1-6B5224518FCF}.Debug|x86.ActiveCfg = Debug|x86
		{2C5ABF19-FD7D-4B1F-9BB1-6B5224518FCF}.Debug|x86.Build.0 = Debug|x86
		{2C5ABF19-FD7D-4B1F-9BB1-6B5224518FCF}.Release|Any CPU.ActiveCfg = Release|x86
		{2C5ABF19-FD7D-4B1F-9BB1-6B5224518FCF}.Release|Any CPU.Build.0 = Release|x86
		{2C5ABF19-FD7D-4B1F-9BB1-6B5224518FCF}.Release|x86.ActiveCfg = Release|x86
		{2C5ABF19-FD7D-4B1F-9BB1-6B5224518FCF}.Release|x86.Build.0 = Release|x86
		{362AD0A6-A3E8-4203-8DF3-24B015D58BE6}.Debug|Any CPU.ActiveCfg = Debug|x86
		{362AD0A6-A3E8-4203-8DF3-24B015D58BE6}.Debug|Any CPU.Build.0 = Debug|x86
		{362AD0A6-A3E8-4203-8DF3-24B015D58BE6}.Debug|x86.ActiveCfg = Debug|x86
		{362AD0A6-A3E8-4203-8DF3-24B015D58BE6}.Debug|x86.Build.0 = Debug|x86
		{362AD0A6-A3E8-4203-8DF3-24B015D58BE6}.Release|Any CPU.ActiveCfg = Release|x86
		{362AD0A6-A3E8-4203-8DF3-24B015D58BE6}.Release|Any CPU.Build.0 = Release|x86
		{362AD0A6-A3E8-4203-8DF3-24B015D58BE6}.Release|x86.ActiveCfg = Release|x86
		{362AD0A6-A3E8-4203-8DF3-24B015D58BE6}.Release|x86.Build.0 = Release|x86
		{CF872EC7-0862-4614-9DBB-803E4FBD6DC8}.Debug|Any CPU.ActiveCfg = Debug|x86
		{CF872EC7-0862-4614-9DBB-803E4FBD6DC8}.Debug|Any CPU.Build.0 = Debug|x86
		{CF872EC7-0862-4614-9DBB-803E4FBD6DC8}.Debug|x86.ActiveCfg = Debug|x86
		{CF872EC7-0862-4614-9DBB-803E4FBD6DC8}.Debug|x86.Build.0 = Debug|x86
		{CF872EC7-0862-4614-9DBB-803E4FBD6DC8}.Release|Any CPU.ActiveCfg = Release|x86
		{CF872EC7-0862-4614-9DBB-803E4FBD6DC8}.Release|Any CPU.Build.0 = Release|x86
		{CF872EC7-0862-4614-9DBB-803E4FBD6DC8}.Release|x86.ActiveCfg = Release|x86
		{CF872EC7-0862-4614-9DBB-803E4FBD6DC8}.Release|x86.Build.0 = Release|x86
		{AB1D1A04-10FE-44AC-B439-6202E816A36C}.Debug|Any CPU.ActiveCfg = Debug|x86
		{AB1D1A04-10FE-44AC-B439-6202E816A36C}.Debug|Any CPU.Build.0 = Debug|x86
		{AB1D1A04-10FE-44AC-B439-6202E816A36C}.Debug|x86.ActiveCfg = Debug|x86
		{AB1D1A04-10FE-44AC-B439-6202E816A36C}.Debug|x86.Build.0 = Debug|x86
		{AB1D1A04-10FE-44AC-B439-6202E816A36C}.Release|Any CPU.ActiveCfg = Release|x86
		{AB1D1A04-10FE-44AC-B439-6202E816A36C}.Release|Any CPU.Build.0 = Release|x86
		{AB1D1A04-10FE-44AC-B439-6202E816A36C}.Release|x86.ActiveCfg = Release|x86
		{AB1D1A04-10FE-44AC-B439-6202E816A36C}.Release|x86.Build.0 = Release|x86
		{52B62662-3A68-46EF-9173-308CC4CB3648}.Debug|Any CPU.ActiveCfg = Debug|x86
		{52B62662-3A68-46EF-9173-308CC4CB3648}.Debug|Any CPU.Build.0 = Debug|x86
		{52B62662-3A68-46EF-9173-308CC4CB3648}.Debug|x86.ActiveCfg = Debug|x86
		{52B62662-3A68-46EF-9173-308CC4CB3648}.Debug|x86.Build.0 = Debug|x86
		{52B62662-3A68-46EF-9173-308CC4CB3648}.Release|Any CPU.ActiveCfg = Release|x86
		{52B62662-3A68-46EF-9173-308CC4CB3648}.Release|Any CPU.Build.0 = Release|x86
		{52B62662-3A68-46EF-9173-308CC4CB3648}.Release|x86.ActiveCfg = Release|x86
		{52B62662-3A68-46EF-9173-308CC4CB3648}.Release|x86.Build.0 = Release|x86
		{B715D321-05FC-4ACA-9935-FF2314629E35}.Debug|Any CPU.ActiveCfg = Debug|x86
		{B715D321-05FC-4ACA-9935-FF2314629E35}.Debug|Any CPU.Build.0 = Debug|x86
		{B715D321-05FC-4ACA-9935-FF2314629E35}.Debug|x86.ActiveCfg = Debug|x86
		{B715D321-05FC-4ACA-9935-FF2314629E35}.Debug|x86.Build.0 = Debug|x86
		{B715D321-05FC-4ACA-9935-FF2314629E35}.Release|Any CPU.ActiveCfg = Release|x86
		{B715D321-05FC-4ACA-9935-FF2314629E35}.Release|Any CPU.Build.0 = Release|x86
		{B715D321-05FC-4ACA-9935-FF2314629E35}.Release|x86.ActiveCfg = Release|x86
		{B715D321-05FC-4ACA-9935-FF2314629E35}.Release|x86.Build.0 = Release|x86
		{C2515934-0EC0-42F5-A700-340C562F6167}.Debug|Any CPU.ActiveCfg = Debug|x86
		{C2515934-0EC0-42F5-A700-340C562F6167}.Debug|Any CPU.Build.0 = Debug|x86
		{C2515934-0EC0-42F5-A700-340C562F6167}.Debug|x86.ActiveCfg = Debug|x86
		{C2515934-0EC0-42F5-A700-340C562F6167}.Debug|x86.Build.0 = Debug|x86
		{C2515934-0EC0-42F5-A700-340C562F6167}.Release|Any CPU.ActiveCfg = Release|x86
		{C2515934-0EC0-42F5-A700-340C562F6167}.Release|Any CPU.Build.0 = Release|x86
		{C2515934-0EC0-42F5-A700-340C562F6167}.Release|x86.ActiveCfg = Release|x86
		{C2515934-0EC0-42F5-A700-340C562F6167}.Release|x86.Build.0 = Release|x86
		{DFE75267-567E-41FE-AFEB-38BB1794326C}.Debug|Any CPU.ActiveCfg = Debug|Any CPU
		{DFE75267-567E-41FE-AFEB-38BB1794326C}.Debug|Any CPU.Build.0 = Debug|Any CPU
		{DFE75267-567E-41FE-AFEB-38BB1794326C}.Debug|x86.ActiveCfg = Debug|Any CPU
		{DFE75267-567E-41FE-AFEB-38BB1794326C}.Debug|x86.Build.0 = Debug|Any CPU
		{DFE75267-567E-41FE-AFEB-38BB1794326C}.Release|Any CPU.ActiveCfg = Release|Any CPU
		{DFE75267-567E-41FE-AFEB-38BB1794326C}.Release|Any CPU.Build.0 = Release|Any CPU
		{DFE75267-567E-41FE-AFEB-38BB1794326C}.Release|x86.ActiveCfg = Release|Any CPU
		{DFE75267-567E-41FE-AFEB-38BB1794326C}.Release|x86.Build.0 = Release|Any CPU
		{8D6DC844-C047-47DC-AD60-8B5DC8B8661B}.Debug|Any CPU.ActiveCfg = Debug|Any CPU
		{8D6DC844-C047-47DC-AD60-8B5DC8B8661B}.Debug|Any CPU.Build.0 = Debug|Any CPU
		{8D6DC844-C047-47DC-AD60-8B5DC8B8661B}.Debug|x86.ActiveCfg = Debug|Any CPU
		{8D6DC844-C047-47DC-AD60-8B5DC8B8661B}.Debug|x86.Build.0 = Debug|Any CPU
		{8D6DC844-C047-47DC-AD60-8B5DC8B8661B}.Release|Any CPU.ActiveCfg = Release|Any CPU
		{8D6DC844-C047-47DC-AD60-8B5DC8B8661B}.Release|Any CPU.Build.0 = Release|Any CPU
		{8D6DC844-C047-47DC-AD60-8B5DC8B8661B}.Release|x86.ActiveCfg = Release|Any CPU
		{8D6DC844-C047-47DC-AD60-8B5DC8B8661B}.Release|x86.Build.0 = Release|Any CPU
		{9A5FD75B-2599-44F0-BC51-B0293A9B62F2}.Debug|Any CPU.ActiveCfg = Debug|x86
		{9A5FD75B-2599-44F0-BC51-B0293A9B62F2}.Debug|Any CPU.Build.0 = Debug|x86
		{9A5FD75B-2599-44F0-BC51-B0293A9B62F2}.Debug|x86.ActiveCfg = Debug|x86
		{9A5FD75B-2599-44F0-BC51-B0293A9B62F2}.Debug|x86.Build.0 = Debug|x86
		{9A5FD75B-2599-44F0-BC51-B0293A9B62F2}.Release|Any CPU.ActiveCfg = Release|x86
		{9A5FD75B-2599-44F0-BC51-B0293A9B62F2}.Release|Any CPU.Build.0 = Release|x86
		{9A5FD75B-2599-44F0-BC51-B0293A9B62F2}.Release|x86.ActiveCfg = Release|x86
		{9A5FD75B-2599-44F0-BC51-B0293A9B62F2}.Release|x86.Build.0 = Release|x86
		{24ABE6F1-C867-43A6-A68D-E11C2035AD0D}.Debug|Any CPU.ActiveCfg = Debug|x86
		{24ABE6F1-C867-43A6-A68D-E11C2035AD0D}.Debug|Any CPU.Build.0 = Debug|x86
		{24ABE6F1-C867-43A6-A68D-E11C2035AD0D}.Debug|x86.ActiveCfg = Debug|x86
		{24ABE6F1-C867-43A6-A68D-E11C2035AD0D}.Debug|x86.Build.0 = Debug|x86
		{24ABE6F1-C867-43A6-A68D-E11C2035AD0D}.Release|Any CPU.ActiveCfg = Release|x86
		{24ABE6F1-C867-43A6-A68D-E11C2035AD0D}.Release|Any CPU.Build.0 = Release|x86
		{24ABE6F1-C867-43A6-A68D-E11C2035AD0D}.Release|x86.ActiveCfg = Release|x86
		{24ABE6F1-C867-43A6-A68D-E11C2035AD0D}.Release|x86.Build.0 = Release|x86
		{7BCCAB5C-7B83-415A-868E-EE8249DEFE2C}.Debug|Any CPU.ActiveCfg = Debug|x86
		{7BCCAB5C-7B83-415A-868E-EE8249DEFE2C}.Debug|Any CPU.Build.0 = Debug|x86
		{7BCCAB5C-7B83-415A-868E-EE8249DEFE2C}.Debug|x86.ActiveCfg = Debug|x86
		{7BCCAB5C-7B83-415A-868E-EE8249DEFE2C}.Debug|x86.Build.0 = Debug|x86
		{7BCCAB5C-7B83-415A-868E-EE8249DEFE2C}.Release|Any CPU.ActiveCfg = Release|x86
		{7BCCAB5C-7B83-415A-868E-EE8249DEFE2C}.Release|Any CPU.Build.0 = Release|x86
		{7BCCAB5C-7B83-415A-868E-EE8249DEFE2C}.Release|x86.ActiveCfg = Release|x86
		{7BCCAB5C-7B83-415A-868E-EE8249DEFE2C}.Release|x86.Build.0 = Release|x86
		{4753B50C-9CF9-4864-8C06-7307C5A037EF}.Debug|Any CPU.ActiveCfg = Debug|x86
		{4753B50C-9CF9-4864-8C06-7307C5A037EF}.Debug|Any CPU.Build.0 = Debug|x86
		{4753B50C-9CF9-4864-8C06-7307C5A037EF}.Debug|x86.ActiveCfg = Debug|x86
		{4753B50C-9CF9-4864-8C06-7307C5A037EF}.Debug|x86.Build.0 = Debug|x86
		{4753B50C-9CF9-4864-8C06-7307C5A037EF}.Release|Any CPU.ActiveCfg = Release|x86
		{4753B50C-9CF9-4864-8C06-7307C5A037EF}.Release|Any CPU.Build.0 = Release|x86
		{4753B50C-9CF9-4864-8C06-7307C5A037EF}.Release|x86.ActiveCfg = Release|x86
		{4753B50C-9CF9-4864-8C06-7307C5A037EF}.Release|x86.Build.0 = Release|x86
		{3069F157-D4F0-472D-B813-494322D02CA0}.Debug|Any CPU.ActiveCfg = Debug|x86
		{3069F157-D4F0-472D-B813-494322D02CA0}.Debug|Any CPU.Build.0 = Debug|x86
		{3069F157-D4F0-472D-B813-494322D02CA0}.Debug|x86.ActiveCfg = Debug|x86
		{3069F157-D4F0-472D-B813-494322D02CA0}.Debug|x86.Build.0 = Debug|x86
		{3069F157-D4F0-472D-B813-494322D02CA0}.Release|Any CPU.ActiveCfg = Release|x86
		{3069F157-D4F0-472D-B813-494322D02CA0}.Release|Any CPU.Build.0 = Release|x86
		{3069F157-D4F0-472D-B813-494322D02CA0}.Release|x86.ActiveCfg = Release|x86
		{3069F157-D4F0-472D-B813-494322D02CA0}.Release|x86.Build.0 = Release|x86
		{F0B14BB6-B7A8-457D-B7AF-02A6E7BF191D}.Debug|Any CPU.ActiveCfg = Debug|x86
		{F0B14BB6-B7A8-457D-B7AF-02A6E7BF191D}.Debug|Any CPU.Build.0 = Debug|x86
		{F0B14BB6-B7A8-457D-B7AF-02A6E7BF191D}.Debug|x86.ActiveCfg = Debug|x86
		{F0B14BB6-B7A8-457D-B7AF-02A6E7BF191D}.Debug|x86.Build.0 = Debug|x86
		{F0B14BB6-B7A8-457D-B7AF-02A6E7BF191D}.Release|Any CPU.ActiveCfg = Release|x86
		{F0B14BB6-B7A8-457D-B7AF-02A6E7BF191D}.Release|Any CPU.Build.0 = Release|x86
		{F0B14BB6-B7A8-457D-B7AF-02A6E7BF191D}.Release|x86.ActiveCfg = Release|x86
		{F0B14BB6-B7A8-457D-B7AF-02A6E7BF191D}.Release|x86.Build.0 = Release|x86
		{D20C0414-4E02-4DC9-B2B5-A08672D1638F}.Debug|Any CPU.ActiveCfg = Debug|x86
		{D20C0414-4E02-4DC9-B2B5-A08672D1638F}.Debug|Any CPU.Build.0 = Debug|x86
		{D20C0414-4E02-4DC9-B2B5-A08672D1638F}.Debug|x86.ActiveCfg = Debug|x86
		{D20C0414-4E02-4DC9-B2B5-A08672D1638F}.Debug|x86.Build.0 = Debug|x86
		{D20C0414-4E02-4DC9-B2B5-A08672D1638F}.Release|Any CPU.ActiveCfg = Release|x86
		{D20C0414-4E02-4DC9-B2B5-A08672D1638F}.Release|Any CPU.Build.0 = Release|x86
		{D20C0414-4E02-4DC9-B2B5-A08672D1638F}.Release|x86.ActiveCfg = Release|x86
		{D20C0414-4E02-4DC9-B2B5-A08672D1638F}.Release|x86.Build.0 = Release|x86
		{6DD7DDE1-3205-4EA8-AB98-33A2D77CA81E}.Debug|Any CPU.ActiveCfg = Debug|x86
		{6DD7DDE1-3205-4EA8-AB98-33A2D77CA81E}.Debug|Any CPU.Build.0 = Debug|x86
		{6DD7DDE1-3205-4EA8-AB98-33A2D77CA81E}.Debug|x86.ActiveCfg = Debug|x86
		{6DD7DDE1-3205-4EA8-AB98-33A2D77CA81E}.Debug|x86.Build.0 = Debug|x86
		{6DD7DDE1-3205-4EA8-AB98-33A2D77CA81E}.Release|Any CPU.ActiveCfg = Release|x86
		{6DD7DDE1-3205-4EA8-AB98-33A2D77CA81E}.Release|Any CPU.Build.0 = Release|x86
		{6DD7DDE1-3205-4EA8-AB98-33A2D77CA81E}.Release|x86.ActiveCfg = Release|x86
		{6DD7DDE1-3205-4EA8-AB98-33A2D77CA81E}.Release|x86.Build.0 = Release|x86
		{194CA7C8-490E-483F-B5B1-95BD95DADA94}.Debug|Any CPU.ActiveCfg = Debug|x86
		{194CA7C8-490E-483F-B5B1-95BD95DADA94}.Debug|Any CPU.Build.0 = Debug|x86
		{194CA7C8-490E-483F-B5B1-95BD95DADA94}.Debug|x86.ActiveCfg = Debug|x86
		{194CA7C8-490E-483F-B5B1-95BD95DADA94}.Debug|x86.Build.0 = Debug|x86
		{194CA7C8-490E-483F-B5B1-95BD95DADA94}.Release|Any CPU.ActiveCfg = Release|x86
		{194CA7C8-490E-483F-B5B1-95BD95DADA94}.Release|Any CPU.Build.0 = Release|x86
		{194CA7C8-490E-483F-B5B1-95BD95DADA94}.Release|x86.ActiveCfg = Release|x86
		{194CA7C8-490E-483F-B5B1-95BD95DADA94}.Release|x86.Build.0 = Release|x86
		{52740C6E-A79D-4A0F-A07F-ECF46209BD6F}.Debug|Any CPU.ActiveCfg = Debug|x86
		{52740C6E-A79D-4A0F-A07F-ECF46209BD6F}.Debug|Any CPU.Build.0 = Debug|x86
		{52740C6E-A79D-4A0F-A07F-ECF46209BD6F}.Debug|x86.ActiveCfg = Debug|x86
		{52740C6E-A79D-4A0F-A07F-ECF46209BD6F}.Debug|x86.Build.0 = Debug|x86
		{52740C6E-A79D-4A0F-A07F-ECF46209BD6F}.Release|Any CPU.ActiveCfg = Release|x86
		{52740C6E-A79D-4A0F-A07F-ECF46209BD6F}.Release|Any CPU.Build.0 = Release|x86
		{52740C6E-A79D-4A0F-A07F-ECF46209BD6F}.Release|x86.ActiveCfg = Release|x86
		{52740C6E-A79D-4A0F-A07F-ECF46209BD6F}.Release|x86.Build.0 = Release|x86
		{5450D637-9A2E-4C1A-96A6-67198918B8E7}.Debug|Any CPU.ActiveCfg = Debug|Any CPU
		{5450D637-9A2E-4C1A-96A6-67198918B8E7}.Debug|Any CPU.Build.0 = Debug|Any CPU
		{5450D637-9A2E-4C1A-96A6-67198918B8E7}.Debug|x86.ActiveCfg = Debug|Any CPU
		{5450D637-9A2E-4C1A-96A6-67198918B8E7}.Debug|x86.Build.0 = Debug|Any CPU
		{5450D637-9A2E-4C1A-96A6-67198918B8E7}.Release|Any CPU.ActiveCfg = Release|Any CPU
		{5450D637-9A2E-4C1A-96A6-67198918B8E7}.Release|Any CPU.Build.0 = Release|Any CPU
		{5450D637-9A2E-4C1A-96A6-67198918B8E7}.Release|x86.ActiveCfg = Release|Any CPU
		{5450D637-9A2E-4C1A-96A6-67198918B8E7}.Release|x86.Build.0 = Release|Any CPU
		{1947FE26-287D-4699-A7AB-41B2AF810B76}.Debug|Any CPU.ActiveCfg = Debug|x86
		{1947FE26-287D-4699-A7AB-41B2AF810B76}.Debug|Any CPU.Build.0 = Debug|x86
		{1947FE26-287D-4699-A7AB-41B2AF810B76}.Debug|x86.ActiveCfg = Debug|x86
		{1947FE26-287D-4699-A7AB-41B2AF810B76}.Debug|x86.Build.0 = Debug|x86
		{1947FE26-287D-4699-A7AB-41B2AF810B76}.Release|Any CPU.ActiveCfg = Release|x86
		{1947FE26-287D-4699-A7AB-41B2AF810B76}.Release|Any CPU.Build.0 = Release|x86
		{1947FE26-287D-4699-A7AB-41B2AF810B76}.Release|x86.ActiveCfg = Release|x86
		{1947FE26-287D-4699-A7AB-41B2AF810B76}.Release|x86.Build.0 = Release|x86
		{3976769D-1D50-42D1-8D75-B806721C6925}.Debug|Any CPU.ActiveCfg = Debug|x86
		{3976769D-1D50-42D1-8D75-B806721C6925}.Debug|Any CPU.Build.0 = Debug|x86
		{3976769D-1D50-42D1-8D75-B806721C6925}.Debug|x86.ActiveCfg = Debug|x86
		{3976769D-1D50-42D1-8D75-B806721C6925}.Debug|x86.Build.0 = Debug|x86
		{3976769D-1D50-42D1-8D75-B806721C6925}.Release|Any CPU.ActiveCfg = Release|x86
		{3976769D-1D50-42D1-8D75-B806721C6925}.Release|Any CPU.Build.0 = Release|x86
		{3976769D-1D50-42D1-8D75-B806721C6925}.Release|x86.ActiveCfg = Release|x86
		{3976769D-1D50-42D1-8D75-B806721C6925}.Release|x86.Build.0 = Release|x86
		{DA202C26-D321-46EA-9B58-B00E7FCE27E4}.Debug|Any CPU.ActiveCfg = Debug|x86
		{DA202C26-D321-46EA-9B58-B00E7FCE27E4}.Debug|Any CPU.Build.0 = Debug|x86
		{DA202C26-D321-46EA-9B58-B00E7FCE27E4}.Debug|x86.ActiveCfg = Debug|x86
		{DA202C26-D321-46EA-9B58-B00E7FCE27E4}.Debug|x86.Build.0 = Debug|x86
		{DA202C26-D321-46EA-9B58-B00E7FCE27E4}.Release|Any CPU.ActiveCfg = Release|x86
		{DA202C26-D321-46EA-9B58-B00E7FCE27E4}.Release|Any CPU.Build.0 = Release|x86
		{DA202C26-D321-46EA-9B58-B00E7FCE27E4}.Release|x86.ActiveCfg = Release|x86
		{DA202C26-D321-46EA-9B58-B00E7FCE27E4}.Release|x86.Build.0 = Release|x86
		{0FEECF4D-B9DA-4A9D-AEAF-1668E5FB0BEB}.Debug|Any CPU.ActiveCfg = Debug|x86
		{0FEECF4D-B9DA-4A9D-AEAF-1668E5FB0BEB}.Debug|Any CPU.Build.0 = Debug|x86
		{0FEECF4D-B9DA-4A9D-AEAF-1668E5FB0BEB}.Debug|x86.ActiveCfg = Debug|x86
		{0FEECF4D-B9DA-4A9D-AEAF-1668E5FB0BEB}.Debug|x86.Build.0 = Debug|x86
		{0FEECF4D-B9DA-4A9D-AEAF-1668E5FB0BEB}.Release|Any CPU.ActiveCfg = Release|x86
		{0FEECF4D-B9DA-4A9D-AEAF-1668E5FB0BEB}.Release|Any CPU.Build.0 = Release|x86
		{0FEECF4D-B9DA-4A9D-AEAF-1668E5FB0BEB}.Release|x86.ActiveCfg = Release|x86
		{0FEECF4D-B9DA-4A9D-AEAF-1668E5FB0BEB}.Release|x86.Build.0 = Release|x86
		{7B2570CC-766E-45D0-97F7-8E9483B35884}.Debug|Any CPU.ActiveCfg = Debug|Any CPU
		{7B2570CC-766E-45D0-97F7-8E9483B35884}.Debug|Any CPU.Build.0 = Debug|Any CPU
		{7B2570CC-766E-45D0-97F7-8E9483B35884}.Debug|x86.ActiveCfg = Debug|Any CPU
		{7B2570CC-766E-45D0-97F7-8E9483B35884}.Debug|x86.Build.0 = Debug|Any CPU
		{7B2570CC-766E-45D0-97F7-8E9483B35884}.Release|Any CPU.ActiveCfg = Release|Any CPU
		{7B2570CC-766E-45D0-97F7-8E9483B35884}.Release|Any CPU.Build.0 = Release|Any CPU
		{7B2570CC-766E-45D0-97F7-8E9483B35884}.Release|x86.ActiveCfg = Release|Any CPU
		{7B2570CC-766E-45D0-97F7-8E9483B35884}.Release|x86.Build.0 = Release|Any CPU
		{769F98CF-75A7-42C7-85CE-5B4607BF20D5}.Debug|Any CPU.ActiveCfg = Debug|Any CPU
		{769F98CF-75A7-42C7-85CE-5B4607BF20D5}.Debug|Any CPU.Build.0 = Debug|Any CPU
		{769F98CF-75A7-42C7-85CE-5B4607BF20D5}.Debug|x86.ActiveCfg = Debug|Any CPU
		{769F98CF-75A7-42C7-85CE-5B4607BF20D5}.Debug|x86.Build.0 = Debug|Any CPU
		{769F98CF-75A7-42C7-85CE-5B4607BF20D5}.Release|Any CPU.ActiveCfg = Release|Any CPU
		{769F98CF-75A7-42C7-85CE-5B4607BF20D5}.Release|Any CPU.Build.0 = Release|Any CPU
		{769F98CF-75A7-42C7-85CE-5B4607BF20D5}.Release|x86.ActiveCfg = Release|Any CPU
		{769F98CF-75A7-42C7-85CE-5B4607BF20D5}.Release|x86.Build.0 = Release|Any CPU
	EndGlobalSection
	GlobalSection(SolutionProperties) = preSolution
		HideSolutionNode = FALSE
	EndGlobalSection
	GlobalSection(NestedProjects) = preSolution
		{B715D321-05FC-4ACA-9935-FF2314629E35} = {72D22C5B-3559-47DB-947E-50F0EF5697C3}
		{C2515934-0EC0-42F5-A700-340C562F6167} = {72D22C5B-3559-47DB-947E-50F0EF5697C3}
		{DFE75267-567E-41FE-AFEB-38BB1794326C} = {72D22C5B-3559-47DB-947E-50F0EF5697C3}
		{8D6DC844-C047-47DC-AD60-8B5DC8B8661B} = {72D22C5B-3559-47DB-947E-50F0EF5697C3}
		{9A5FD75B-2599-44F0-BC51-B0293A9B62F2} = {72D22C5B-3559-47DB-947E-50F0EF5697C3}
		{24ABE6F1-C867-43A6-A68D-E11C2035AD0D} = {72D22C5B-3559-47DB-947E-50F0EF5697C3}
		{7BCCAB5C-7B83-415A-868E-EE8249DEFE2C} = {72D22C5B-3559-47DB-947E-50F0EF5697C3}
		{4753B50C-9CF9-4864-8C06-7307C5A037EF} = {72D22C5B-3559-47DB-947E-50F0EF5697C3}
		{3069F157-D4F0-472D-B813-494322D02CA0} = {72D22C5B-3559-47DB-947E-50F0EF5697C3}
		{F0B14BB6-B7A8-457D-B7AF-02A6E7BF191D} = {72D22C5B-3559-47DB-947E-50F0EF5697C3}
		{D20C0414-4E02-4DC9-B2B5-A08672D1638F} = {72D22C5B-3559-47DB-947E-50F0EF5697C3}
		{6DD7DDE1-3205-4EA8-AB98-33A2D77CA81E} = {72D22C5B-3559-47DB-947E-50F0EF5697C3}
		{194CA7C8-490E-483F-B5B1-95BD95DADA94} = {72D22C5B-3559-47DB-947E-50F0EF5697C3}
		{5450D637-9A2E-4C1A-96A6-67198918B8E7} = {72D22C5B-3559-47DB-947E-50F0EF5697C3}
		{3976769D-1D50-42D1-8D75-B806721C6925} = {72D22C5B-3559-47DB-947E-50F0EF5697C3}
		{DA202C26-D321-46EA-9B58-B00E7FCE27E4} = {72D22C5B-3559-47DB-947E-50F0EF5697C3}
		{769F98CF-75A7-42C7-85CE-5B4607BF20D5} = {72D22C5B-3559-47DB-947E-50F0EF5697C3}
	EndGlobalSection
	GlobalSection(ExtensibilityGlobals) = postSolution
		SolutionGuid = {B24C09D0-1F59-4A5C-932B-E8E24C899AC1}
	EndGlobalSection
EndGlobal
